
Microsoft Visual Studio Solution File, Format Version 12.00
# Visual Studio Version 17
VisualStudioVersion = 17.4.33403.182
MinimumVisualStudioVersion = 10.0.40219.1
Project("{9A19103F-16F7-4668-BE54-9A1E7A4F7556}") = "VideoAplication", "VideoAplication.csproj", "{658E6F54-9160-491F-BBE0-300BF979A8C8}"
EndProject
Project("{54A90642-561A-4BB1-A94E-469ADEE60C69}") = "videoappfront", "..\VideoAppFront\videoappfront.esproj", "{ED09DEA8-ABD5-45CC-BEFF-A2A394DAEBE0}"
EndProject
Global
	GlobalSection(SolutionConfigurationPlatforms) = preSolution
		Debug|Any CPU = Debug|Any CPU
		Release|Any CPU = Release|Any CPU
	EndGlobalSection
	GlobalSection(ProjectConfigurationPlatforms) = postSolution
		{658E6F54-9160-491F-BBE0-300BF979A8C8}.Debug|Any CPU.ActiveCfg = Debug|Any CPU
		{658E6F54-9160-491F-BBE0-300BF979A8C8}.Debug|Any CPU.Build.0 = Debug|Any CPU
		{658E6F54-9160-491F-BBE0-300BF979A8C8}.Release|Any CPU.ActiveCfg = Release|Any CPU
		{658E6F54-9160-491F-BBE0-300BF979A8C8}.Release|Any CPU.Build.0 = Release|Any CPU
		{ED09DEA8-ABD5-45CC-BEFF-A2A394DAEBE0}.Debug|Any CPU.ActiveCfg = Debug|Any CPU
		{ED09DEA8-ABD5-45CC-BEFF-A2A394DAEBE0}.Debug|Any CPU.Build.0 = Debug|Any CPU
		{ED09DEA8-ABD5-45CC-BEFF-A2A394DAEBE0}.Debug|Any CPU.Deploy.0 = Debug|Any CPU
		{ED09DEA8-ABD5-45CC-BEFF-A2A394DAEBE0}.Release|Any CPU.ActiveCfg = Release|Any CPU
		{ED09DEA8-ABD5-45CC-BEFF-A2A394DAEBE0}.Release|Any CPU.Build.0 = Release|Any CPU
		{ED09DEA8-ABD5-45CC-BEFF-A2A394DAEBE0}.Release|Any CPU.Deploy.0 = Release|Any CPU
	EndGlobalSection
	GlobalSection(SolutionProperties) = preSolution
		HideSolutionNode = FALSE
	EndGlobalSection
	GlobalSection(ExtensibilityGlobals) = postSolution
		SolutionGuid = {A4866BB4-CFA6-4585-8896-EEF9462E64E4}
	EndGlobalSection
EndGlobal
